
Microsoft Visual Studio Solution File, Format Version 12.00
# Visual Studio 2012
Project("{FAE04EC0-301F-11D3-BF4B-00C04F79EFBC}") = "Webdev_Assignment2", "Webdev_Assignment2\Webdev_Assignment2.csproj", "{B5D5E9FA-3076-49AB-B8D8-4E2D849BEA9A}"
EndProject
Global
	GlobalSection(SolutionConfigurationPlatforms) = preSolution
		Debug|Any CPU = Debug|Any CPU
		Release|Any CPU = Release|Any CPU
	EndGlobalSection
	GlobalSection(ProjectConfigurationPlatforms) = postSolution
		{B5D5E9FA-3076-49AB-B8D8-4E2D849BEA9A}.Debug|Any CPU.ActiveCfg = Debug|Any CPU
		{B5D5E9FA-3076-49AB-B8D8-4E2D849BEA9A}.Debug|Any CPU.Build.0 = Debug|Any CPU
		{B5D5E9FA-3076-49AB-B8D8-4E2D849BEA9A}.Release|Any CPU.ActiveCfg = Release|Any CPU
		{B5D5E9FA-3076-49AB-B8D8-4E2D849BEA9A}.Release|Any CPU.Build.0 = Release|Any CPU
	EndGlobalSection
	GlobalSection(SolutionProperties) = preSolution
		HideSolutionNode = FALSE
	EndGlobalSection
EndGlobal
